// !$*UTF8*$!
{
	archiveVersion = 1;
	classes = {
	};
	objectVersion = 56;
	objects = {

/* Begin PBXBuildFile section */
		5EED923029825436008304BD /* homeworkSwiftUIApp.swift in Sources */ = {isa = PBXBuildFile; fileRef = 5EED922F29825436008304BD /* homeworkSwiftUIApp.swift */; };
		5EED923229825436008304BD /* ContentView.swift in Sources */ = {isa = PBXBuildFile; fileRef = 5EED923129825436008304BD /* ContentView.swift */; };
		5EED923429825437008304BD /* Assets.xcassets in Resources */ = {isa = PBXBuildFile; fileRef = 5EED923329825437008304BD /* Assets.xcassets */; };
		5EED923729825437008304BD /* Preview Assets.xcassets in Resources */ = {isa = PBXBuildFile; fileRef = 5EED923629825437008304BD /* Preview Assets.xcassets */; };
		5EED923E29825EBC008304BD /* LoginView.swift in Sources */ = {isa = PBXBuildFile; fileRef = 5EED923D29825EBC008304BD /* LoginView.swift */; };
		5EED924029825FEF008304BD /* ProfileView.swift in Sources */ = {isa = PBXBuildFile; fileRef = 5EED923F29825FEF008304BD /* ProfileView.swift */; };
		5EED92422982622C008304BD /* FavoriteCharactersView.swift in Sources */ = {isa = PBXBuildFile; fileRef = 5EED92412982622C008304BD /* FavoriteCharactersView.swift */; };
		5EED92442982649C008304BD /* TextFielder.swift in Sources */ = {isa = PBXBuildFile; fileRef = 5EED92432982649C008304BD /* TextFielder.swift */; };
		5EED924829829478008304BD /* FeedView.swift in Sources */ = {isa = PBXBuildFile; fileRef = 5EED924729829478008304BD /* FeedView.swift */; };
		5EED924A2982988C008304BD /* PlayerView.swift in Sources */ = {isa = PBXBuildFile; fileRef = 5EED92492982988C008304BD /* PlayerView.swift */; };
		5EED924C29829984008304BD /* VideoView.swift in Sources */ = {isa = PBXBuildFile; fileRef = 5EED924B29829984008304BD /* VideoView.swift */; };
		5EED92502982A93D008304BD /* FavoriteCharactersRowView.swift in Sources */ = {isa = PBXBuildFile; fileRef = 5EED924F2982A93D008304BD /* FavoriteCharactersRowView.swift */; };
		5EED92522982A995008304BD /* FavoriteCharactersDetailsView.swift in Sources */ = {isa = PBXBuildFile; fileRef = 5EED92512982A995008304BD /* FavoriteCharactersDetailsView.swift */; };
		5EED92542982AA87008304BD /* Post.swift in Sources */ = {isa = PBXBuildFile; fileRef = 5EED92532982AA87008304BD /* Post.swift */; };
		5EED92562982AAF9008304BD /* Data.swift in Sources */ = {isa = PBXBuildFile; fileRef = 5EED92552982AAF9008304BD /* Data.swift */; };
/* End PBXBuildFile section */

/* Begin PBXFileReference section */
		5EED922C29825436008304BD /* homeworkSwiftUI.app */ = {isa = PBXFileReference; explicitFileType = wrapper.application; includeInIndex = 0; path = homeworkSwiftUI.app; sourceTree = BUILT_PRODUCTS_DIR; };
		5EED922F29825436008304BD /* homeworkSwiftUIApp.swift */ = {isa = PBXFileReference; lastKnownFileType = sourcecode.swift; path = homeworkSwiftUIApp.swift; sourceTree = "<group>"; };
		5EED923129825436008304BD /* ContentView.swift */ = {isa = PBXFileReference; lastKnownFileType = sourcecode.swift; path = ContentView.swift; sourceTree = "<group>"; };
		5EED923329825437008304BD /* Assets.xcassets */ = {isa = PBXFileReference; lastKnownFileType = folder.assetcatalog; path = Assets.xcassets; sourceTree = "<group>"; };
		5EED923629825437008304BD /* Preview Assets.xcassets */ = {isa = PBXFileReference; lastKnownFileType = folder.assetcatalog; path = "Preview Assets.xcassets"; sourceTree = "<group>"; };
		5EED923D29825EBC008304BD /* LoginView.swift */ = {isa = PBXFileReference; lastKnownFileType = sourcecode.swift; path = LoginView.swift; sourceTree = "<group>"; };
		5EED923F29825FEF008304BD /* ProfileView.swift */ = {isa = PBXFileReference; lastKnownFileType = sourcecode.swift; path = ProfileView.swift; sourceTree = "<group>"; };
		5EED92412982622C008304BD /* FavoriteCharactersView.swift */ = {isa = PBXFileReference; lastKnownFileType = sourcecode.swift; path = FavoriteCharactersView.swift; sourceTree = "<group>"; };
		5EED92432982649C008304BD /* TextFielder.swift */ = {isa = PBXFileReference; lastKnownFileType = sourcecode.swift; path = TextFielder.swift; sourceTree = "<group>"; };
		5EED924729829478008304BD /* FeedView.swift */ = {isa = PBXFileReference; lastKnownFileType = sourcecode.swift; path = FeedView.swift; sourceTree = "<group>"; };
		5EED92492982988C008304BD /* PlayerView.swift */ = {isa = PBXFileReference; lastKnownFileType = sourcecode.swift; path = PlayerView.swift; sourceTree = "<group>"; };
		5EED924B29829984008304BD /* VideoView.swift */ = {isa = PBXFileReference; lastKnownFileType = sourcecode.swift; path = VideoView.swift; sourceTree = "<group>"; };
		5EED924F2982A93D008304BD /* FavoriteCharactersRowView.swift */ = {isa = PBXFileReference; lastKnownFileType = sourcecode.swift; path = FavoriteCharactersRowView.swift; sourceTree = "<group>"; };
		5EED92512982A995008304BD /* FavoriteCharactersDetailsView.swift */ = {isa = PBXFileReference; lastKnownFileType = sourcecode.swift; path = FavoriteCharactersDetailsView.swift; sourceTree = "<group>"; };
		5EED92532982AA87008304BD /* Post.swift */ = {isa = PBXFileReference; lastKnownFileType = sourcecode.swift; path = Post.swift; sourceTree = "<group>"; };
		5EED92552982AAF9008304BD /* Data.swift */ = {isa = PBXFileReference; lastKnownFileType = sourcecode.swift; path = Data.swift; sourceTree = "<group>"; };
/* End PBXFileReference section */

/* Begin PBXFrameworksBuildPhase section */
		5EED922929825436008304BD /* Frameworks */ = {
			isa = PBXFrameworksBuildPhase;
			buildActionMask = 2147483647;
			files = (
			);
			runOnlyForDeploymentPostprocessing = 0;
		};
/* End PBXFrameworksBuildPhase section */

/* Begin PBXGroup section */
		5EED922329825436008304BD = {
			isa = PBXGroup;
			children = (
				5EED922E29825436008304BD /* homeworkSwiftUI */,
				5EED922D29825436008304BD /* Products */,
			);
			sourceTree = "<group>";
		};
		5EED922D29825436008304BD /* Products */ = {
			isa = PBXGroup;
			children = (
				5EED922C29825436008304BD /* homeworkSwiftUI.app */,
			);
			name = Products;
			sourceTree = "<group>";
		};
		5EED922E29825436008304BD /* homeworkSwiftUI */ = {
			isa = PBXGroup;
			children = (
				5EED922F29825436008304BD /* homeworkSwiftUIApp.swift */,
				5EED923129825436008304BD /* ContentView.swift */,
				5EED924729829478008304BD /* FeedView.swift */,
				5EED923D29825EBC008304BD /* LoginView.swift */,
				5EED923F29825FEF008304BD /* ProfileView.swift */,
				5EED92492982988C008304BD /* PlayerView.swift */,
				5EED924B29829984008304BD /* VideoView.swift */,
				5EED92412982622C008304BD /* FavoriteCharactersView.swift */,
				5EED924F2982A93D008304BD /* FavoriteCharactersRowView.swift */,
				5EED92512982A995008304BD /* FavoriteCharactersDetailsView.swift */,
				5EED92432982649C008304BD /* TextFielder.swift */,
				5EED92532982AA87008304BD /* Post.swift */,
				5EED92552982AAF9008304BD /* Data.swift */,
				5EED923329825437008304BD /* Assets.xcassets */,
				5EED923529825437008304BD /* Preview Content */,
			);
			path = homeworkSwiftUI;
			sourceTree = "<group>";
		};
		5EED923529825437008304BD /* Preview Content */ = {
			isa = PBXGroup;
			children = (
				5EED923629825437008304BD /* Preview Assets.xcassets */,
			);
			path = "Preview Content";
			sourceTree = "<group>";
		};
/* End PBXGroup section */

/* Begin PBXNativeTarget section */
		5EED922B29825436008304BD /* homeworkSwiftUI */ = {
			isa = PBXNativeTarget;
			buildConfigurationList = 5EED923A29825437008304BD /* Build configuration list for PBXNativeTarget "homeworkSwiftUI" */;
			buildPhases = (
				5EED922829825436008304BD /* Sources */,
				5EED922929825436008304BD /* Frameworks */,
				5EED922A29825436008304BD /* Resources */,
			);
			buildRules = (
			);
			dependencies = (
			);
			name = homeworkSwiftUI;
			productName = homeworkSwiftUI;
			productReference = 5EED922C29825436008304BD /* homeworkSwiftUI.app */;
			productType = "com.apple.product-type.application";
		};
/* End PBXNativeTarget section */

/* Begin PBXProject section */
		5EED922429825436008304BD /* Project object */ = {
			isa = PBXProject;
			attributes = {
				BuildIndependentTargetsInParallel = 1;
				LastSwiftUpdateCheck = 1420;
				LastUpgradeCheck = 1420;
				TargetAttributes = {
					5EED922B29825436008304BD = {
						CreatedOnToolsVersion = 14.2;
					};
				};
			};
			buildConfigurationList = 5EED922729825436008304BD /* Build configuration list for PBXProject "homeworkSwiftUI" */;
			compatibilityVersion = "Xcode 14.0";
			developmentRegion = en;
			hasScannedForEncodings = 0;
			knownRegions = (
				en,
				Base,
			);
			mainGroup = 5EED922329825436008304BD;
			productRefGroup = 5EED922D29825436008304BD /* Products */;
			projectDirPath = "";
			projectRoot = "";
			targets = (
				5EED922B29825436008304BD /* homeworkSwiftUI */,
			);
		};
/* End PBXProject section */

/* Begin PBXResourcesBuildPhase section */
		5EED922A29825436008304BD /* Resources */ = {
			isa = PBXResourcesBuildPhase;
			buildActionMask = 2147483647;
			files = (
				5EED923729825437008304BD /* Preview Assets.xcassets in Resources */,
				5EED923429825437008304BD /* Assets.xcassets in Resources */,
			);
			runOnlyForDeploymentPostprocessing = 0;
		};
/* End PBXResourcesBuildPhase section */

/* Begin PBXSourcesBuildPhase section */
		5EED922829825436008304BD /* Sources */ = {
			isa = PBXSourcesBuildPhase;
			buildActionMask = 2147483647;
			files = (
				5EED924829829478008304BD /* FeedView.swift in Sources */,
				5EED92442982649C008304BD /* TextFielder.swift in Sources */,
				5EED924029825FEF008304BD /* ProfileView.swift in Sources */,
				5EED92542982AA87008304BD /* Post.swift in Sources */,
				5EED92502982A93D008304BD /* FavoriteCharactersRowView.swift in Sources */,
				5EED92522982A995008304BD /* FavoriteCharactersDetailsView.swift in Sources */,
				5EED924A2982988C008304BD /* PlayerView.swift in Sources */,
				5EED923E29825EBC008304BD /* LoginView.swift in Sources */,
				5EED92562982AAF9008304BD /* Data.swift in Sources */,
				5EED923229825436008304BD /* ContentView.swift in Sources */,
				5EED924C29829984008304BD /* VideoView.swift in Sources */,
				5EED92422982622C008304BD /* FavoriteCharactersView.swift in Sources */,
				5EED923029825436008304BD /* homeworkSwiftUIApp.swift in Sources */,
			);
			runOnlyForDeploymentPostprocessing = 0;
		};
/* End PBXSourcesBuildPhase section */

/* Begin XCBuildConfiguration section */
		5EED923829825437008304BD /* Debug */ = {
			isa = XCBuildConfiguration;
			buildSettings = {
				ALWAYS_SEARCH_USER_PATHS = NO;
				CLANG_ANALYZER_NONNULL = YES;
				CLANG_ANALYZER_NUMBER_OBJECT_CONVERSION = YES_AGGRESSIVE;
				CLANG_CXX_LANGUAGE_STANDARD = "gnu++20";
				CLANG_ENABLE_MODULES = YES;
				CLANG_ENABLE_OBJC_ARC = YES;
				CLANG_ENABLE_OBJC_WEAK = YES;
				CLANG_WARN_BLOCK_CAPTURE_AUTORELEASING = YES;
				CLANG_WARN_BOOL_CONVERSION = YES;
				CLANG_WARN_COMMA = YES;
				CLANG_WARN_CONSTANT_CONVERSION = YES;
				CLANG_WARN_DEPRECATED_OBJC_IMPLEMENTATIONS = YES;
				CLANG_WARN_DIRECT_OBJC_ISA_USAGE = YES_ERROR;
				CLANG_WARN_DOCUMENTATION_COMMENTS = YES;
				CLANG_WARN_EMPTY_BODY = YES;
				CLANG_WARN_ENUM_CONVERSION = YES;
				CLANG_WARN_INFINITE_RECURSION = YES;
				CLANG_WARN_INT_CONVERSION = YES;
				CLANG_WARN_NON_LITERAL_NULL_CONVERSION = YES;
				CLANG_WARN_OBJC_IMPLICIT_RETAIN_SELF = YES;
				CLANG_WARN_OBJC_LITERAL_CONVERSION = YES;
				CLANG_WARN_OBJC_ROOT_CLASS = YES_ERROR;
				CLANG_WARN_QUOTED_INCLUDE_IN_FRAMEWORK_HEADER = YES;
				CLANG_WARN_RANGE_LOOP_ANALYSIS = YES;
				CLANG_WARN_STRICT_PROTOTYPES = YES;
				CLANG_WARN_SUSPICIOUS_MOVE = YES;
				CLANG_WARN_UNGUARDED_AVAILABILITY = YES_AGGRESSIVE;
				CLANG_WARN_UNREACHABLE_CODE = YES;
				CLANG_WARN__DUPLICATE_METHOD_MATCH = YES;
				COPY_PHASE_STRIP = NO;
				DEBUG_INFORMATION_FORMAT = dwarf;
				ENABLE_STRICT_OBJC_MSGSEND = YES;
				ENABLE_TESTABILITY = YES;
				GCC_C_LANGUAGE_STANDARD = gnu11;
				GCC_DYNAMIC_NO_PIC = NO;
				GCC_NO_COMMON_BLOCKS = YES;
				GCC_OPTIMIZATION_LEVEL = 0;
				GCC_PREPROCESSOR_DEFINITIONS = (
					"DEBUG=1",
					"$(inherited)",
				);
				GCC_WARN_64_TO_32_BIT_CONVERSION = YES;
				GCC_WARN_ABOUT_RETURN_TYPE = YES_ERROR;
				GCC_WARN_UNDECLARED_SELECTOR = YES;
				GCC_WARN_UNINITIALIZED_AUTOS = YES_AGGRESSIVE;
				GCC_WARN_UNUSED_FUNCTION = YES;
				GCC_WARN_UNUSED_VARIABLE = YES;
				IPHONEOS_DEPLOYMENT_TARGET = 16.2;
				MTL_ENABLE_DEBUG_INFO = INCLUDE_SOURCE;
				MTL_FAST_MATH = YES;
				ONLY_ACTIVE_ARCH = YES;
				SDKROOT = iphoneos;
				SWIFT_ACTIVE_COMPILATION_CONDITIONS = DEBUG;
				SWIFT_OPTIMIZATION_LEVEL = "-Onone";
			};
			name = Debug;
		};
		5EED923929825437008304BD /* Release */ = {
			isa = XCBuildConfiguration;
			buildSettings = {
				ALWAYS_SEARCH_USER_PATHS = NO;
				CLANG_ANALYZER_NONNULL = YES;
				CLANG_ANALYZER_NUMBER_OBJECT_CONVERSION = YES_AGGRESSIVE;
				CLANG_CXX_LANGUAGE_STANDARD = "gnu++20";
				CLANG_ENABLE_MODULES = YES;
				CLANG_ENABLE_OBJC_ARC = YES;
				CLANG_ENABLE_OBJC_WEAK = YES;
				CLANG_WARN_BLOCK_CAPTURE_AUTORELEASING = YES;
				CLANG_WARN_BOOL_CONVERSION = YES;
				CLANG_WARN_COMMA = YES;
				CLANG_WARN_CONSTANT_CONVERSION = YES;
				CLANG_WARN_DEPRECATED_OBJC_IMPLEMENTATIONS = YES;
				CLANG_WARN_DIRECT_OBJC_ISA_USAGE = YES_ERROR;
				CLANG_WARN_DOCUMENTATION_COMMENTS = YES;
				CLANG_WARN_EMPTY_BODY = YES;
				CLANG_WARN_ENUM_CONVERSION = YES;
				CLANG_WARN_INFINITE_RECURSION = YES;
				CLANG_WARN_INT_CONVERSION = YES;
				CLANG_WARN_NON_LITERAL_NULL_CONVERSION = YES;
				CLANG_WARN_OBJC_IMPLICIT_RETAIN_SELF = YES;
				CLANG_WARN_OBJC_LITERAL_CONVERSION = YES;
				CLANG_WARN_OBJC_ROOT_CLASS = YES_ERROR;
				CLANG_WARN_QUOTED_INCLUDE_IN_FRAMEWORK_HEADER = YES;
				CLANG_WARN_RANGE_LOOP_ANALYSIS = YES;
				CLANG_WARN_STRICT_PROTOTYPES = YES;
				CLANG_WARN_SUSPICIOUS_MOVE = YES;
				CLANG_WARN_UNGUARDED_AVAILABILITY = YES_AGGRESSIVE;
				CLANG_WARN_UNREACHABLE_CODE = YES;
				CLANG_WARN__DUPLICATE_METHOD_MATCH = YES;
				COPY_PHASE_STRIP = NO;
				DEBUG_INFORMATION_FORMAT = "dwarf-with-dsym";
				ENABLE_NS_ASSERTIONS = NO;
				ENABLE_STRICT_OBJC_MSGSEND = YES;
				GCC_C_LANGUAGE_STANDARD = gnu11;
				GCC_NO_COMMON_BLOCKS = YES;
				GCC_WARN_64_TO_32_BIT_CONVERSION = YES;
				GCC_WARN_ABOUT_RETURN_TYPE = YES_ERROR;
				GCC_WARN_UNDECLARED_SELECTOR = YES;
				GCC_WARN_UNINITIALIZED_AUTOS = YES_AGGRESSIVE;
				GCC_WARN_UNUSED_FUNCTION = YES;
				GCC_WARN_UNUSED_VARIABLE = YES;
				IPHONEOS_DEPLOYMENT_TARGET = 16.2;
				MTL_ENABLE_DEBUG_INFO = NO;
				MTL_FAST_MATH = YES;
				SDKROOT = iphoneos;
				SWIFT_COMPILATION_MODE = wholemodule;
				SWIFT_OPTIMIZATION_LEVEL = "-O";
				VALIDATE_PRODUCT = YES;
			};
			name = Release;
		};
		5EED923B29825437008304BD /* Debug */ = {
			isa = XCBuildConfiguration;
			buildSettings = {
				ASSETCATALOG_COMPILER_APPICON_NAME = AppIcon;
				ASSETCATALOG_COMPILER_GLOBAL_ACCENT_COLOR_NAME = AccentColor;
				CODE_SIGN_STYLE = Automatic;
				CURRENT_PROJECT_VERSION = 1;
				DEVELOPMENT_ASSET_PATHS = "\"homeworkSwiftUI/Preview Content\"";
				DEVELOPMENT_TEAM = V2LRGYXQ73;
				ENABLE_PREVIEWS = YES;
				GENERATE_INFOPLIST_FILE = YES;
				INFOPLIST_KEY_UIApplicationSceneManifest_Generation = YES;
				INFOPLIST_KEY_UIApplicationSupportsIndirectInputEvents = YES;
				INFOPLIST_KEY_UILaunchScreen_Generation = YES;
				INFOPLIST_KEY_UISupportedInterfaceOrientations_iPad = "UIInterfaceOrientationPortrait UIInterfaceOrientationPortraitUpsideDown UIInterfaceOrientationLandscapeLeft UIInterfaceOrientationLandscapeRight";
				INFOPLIST_KEY_UISupportedInterfaceOrientations_iPhone = "UIInterfaceOrientationPortrait UIInterfaceOrientationLandscapeLeft UIInterfaceOrientationLandscapeRight";
				LD_RUNPATH_SEARCH_PATHS = (
					"$(inherited)",
					"@executable_path/Frameworks",
				);
				MARKETING_VERSION = 1.0;
				PRODUCT_BUNDLE_IDENTIFIER = IOS24.homeworkSwiftUI;
				PRODUCT_NAME = "$(TARGET_NAME)";
				SWIFT_EMIT_LOC_STRINGS = YES;
				SWIFT_VERSION = 5.0;
				TARGETED_DEVICE_FAMILY = "1,2";
			};
			name = Debug;
		};
		5EED923C29825437008304BD /* Release */ = {
			isa = XCBuildConfiguration;
			buildSettings = {
				ASSETCATALOG_COMPILER_APPICON_NAME = AppIcon;
				ASSETCATALOG_COMPILER_GLOBAL_ACCENT_COLOR_NAME = AccentColor;
				CODE_SIGN_STYLE = Automatic;
				CURRENT_PROJECT_VERSION = 1;
				DEVELOPMENT_ASSET_PATHS = "\"homeworkSwiftUI/Preview Content\"";
				DEVELOPMENT_TEAM = V2LRGYXQ73;
				ENABLE_PREVIEWS = YES;
				GENERATE_INFOPLIST_FILE = YES;
				INFOPLIST_KEY_UIApplicationSceneManifest_Generation = YES;
				INFOPLIST_KEY_UIApplicationSupportsIndirectInputEvents = YES;
				INFOPLIST_KEY_UILaunchScreen_Generation = YES;
				INFOPLIST_KEY_UISupportedInterfaceOrientations_iPad = "UIInterfaceOrientationPortrait UIInterfaceOrientationPortraitUpsideDown UIInterfaceOrientationLandscapeLeft UIInterfaceOrientationLandscapeRight";
				INFOPLIST_KEY_UISupportedInterfaceOrientations_iPhone = "UIInterfaceOrientationPortrait UIInterfaceOrientationLandscapeLeft UIInterfaceOrientationLandscapeRight";
				LD_RUNPATH_SEARCH_PATHS = (
					"$(inherited)",
					"@executable_path/Frameworks",
				);
				MARKETING_VERSION = 1.0;
				PRODUCT_BUNDLE_IDENTIFIER = IOS24.homeworkSwiftUI;
				PRODUCT_NAME = "$(TARGET_NAME)";
				SWIFT_EMIT_LOC_STRINGS = YES;
				SWIFT_VERSION = 5.0;
				TARGETED_DEVICE_FAMILY = "1,2";
			};
			name = Release;
		};
/* End XCBuildConfiguration section */

/* Begin XCConfigurationList section */
		5EED922729825436008304BD /* Build configuration list for PBXProject "homeworkSwiftUI" */ = {
			isa = XCConfigurationList;
			buildConfigurations = (
				5EED923829825437008304BD /* Debug */,
				5EED923929825437008304BD /* Release */,
			);
			defaultConfigurationIsVisible = 0;
			defaultConfigurationName = Release;
		};
		5EED923A29825437008304BD /* Build configuration list for PBXNativeTarget "homeworkSwiftUI" */ = {
			isa = XCConfigurationList;
			buildConfigurations = (
				5EED923B29825437008304BD /* Debug */,
				5EED923C29825437008304BD /* Release */,
			);
			defaultConfigurationIsVisible = 0;
			defaultConfigurationName = Release;
		};
/* End XCConfigurationList section */
	};
	rootObject = 5EED922429825436008304BD /* Project object */;
}
